// !$*UTF8*$!
{
	archiveVersion = 1;
	classes = {
	};
	objectVersion = 50;
	objects = {

/* Begin PBXBuildFile section */
		3975C539227D91C100A606AA /* AppDelegate.swift in Sources */ = {isa = PBXBuildFile; fileRef = 3975C538227D91C100A606AA /* AppDelegate.swift */; };
		3975C53B227D91C100A606AA /* ViewController.swift in Sources */ = {isa = PBXBuildFile; fileRef = 3975C53A227D91C100A606AA /* ViewController.swift */; };
		3975C53E227D91C100A606AA /* Main.storyboard in Resources */ = {isa = PBXBuildFile; fileRef = 3975C53C227D91C100A606AA /* Main.storyboard */; };
		3975C540227D91C400A606AA /* Assets.xcassets in Resources */ = {isa = PBXBuildFile; fileRef = 3975C53F227D91C400A606AA /* Assets.xcassets */; };
		3975C543227D91C400A606AA /* LaunchScreen.storyboard in Resources */ = {isa = PBXBuildFile; fileRef = 3975C541227D91C400A606AA /* LaunchScreen.storyboard */; };
		3975C54B227D97A900A606AA /* HerbModel.swift in Sources */ = {isa = PBXBuildFile; fileRef = 3975C54A227D97A900A606AA /* HerbModel.swift */; };
		3975C54D227D9AC800A606AA /* HerbDetailsViewController.swift in Sources */ = {isa = PBXBuildFile; fileRef = 3975C54C227D9AC800A606AA /* HerbDetailsViewController.swift */; };
		39DF8351227EFEE3003E6A28 /* PopAnimator.swift in Sources */ = {isa = PBXBuildFile; fileRef = 39DF8350227EFEE3003E6A28 /* PopAnimator.swift */; };
/* End PBXBuildFile section */

/* Begin PBXFileReference section */
		3975C535227D91C100A606AA /* PresentationTransitions.app */ = {isa = PBXFileReference; explicitFileType = wrapper.application; includeInIndex = 0; path = PresentationTransitions.app; sourceTree = BUILT_PRODUCTS_DIR; };
		3975C538227D91C100A606AA /* AppDelegate.swift */ = {isa = PBXFileReference; lastKnownFileType = sourcecode.swift; path = AppDelegate.swift; sourceTree = "<group>"; };
		3975C53A227D91C100A606AA /* ViewController.swift */ = {isa = PBXFileReference; lastKnownFileType = sourcecode.swift; path = ViewController.swift; sourceTree = "<group>"; };
		3975C53D227D91C100A606AA /* Base */ = {isa = PBXFileReference; lastKnownFileType = file.storyboard; name = Base; path = Base.lproj/Main.storyboard; sourceTree = "<group>"; };
		3975C53F227D91C400A606AA /* Assets.xcassets */ = {isa = PBXFileReference; lastKnownFileType = folder.assetcatalog; path = Assets.xcassets; sourceTree = "<group>"; };
		3975C542227D91C400A606AA /* Base */ = {isa = PBXFileReference; lastKnownFileType = file.storyboard; name = Base; path = Base.lproj/LaunchScreen.storyboard; sourceTree = "<group>"; };
		3975C544227D91C400A606AA /* Info.plist */ = {isa = PBXFileReference; lastKnownFileType = text.plist.xml; path = Info.plist; sourceTree = "<group>"; };
		3975C54A227D97A900A606AA /* HerbModel.swift */ = {isa = PBXFileReference; lastKnownFileType = sourcecode.swift; path = HerbModel.swift; sourceTree = "<group>"; };
		3975C54C227D9AC800A606AA /* HerbDetailsViewController.swift */ = {isa = PBXFileReference; lastKnownFileType = sourcecode.swift; path = HerbDetailsViewController.swift; sourceTree = "<group>"; };
		39DF8350227EFEE3003E6A28 /* PopAnimator.swift */ = {isa = PBXFileReference; lastKnownFileType = sourcecode.swift; path = PopAnimator.swift; sourceTree = "<group>"; };
/* End PBXFileReference section */

/* Begin PBXFrameworksBuildPhase section */
		3975C532227D91C100A606AA /* Frameworks */ = {
			isa = PBXFrameworksBuildPhase;
			buildActionMask = 2147483647;
			files = (
			);
			runOnlyForDeploymentPostprocessing = 0;
		};
/* End PBXFrameworksBuildPhase section */

/* Begin PBXGroup section */
		3975C52C227D91C000A606AA = {
			isa = PBXGroup;
			children = (
				3975C537227D91C100A606AA /* PresentationTransitions */,
				3975C536227D91C100A606AA /* Products */,
			);
			sourceTree = "<group>";
		};
		3975C536227D91C100A606AA /* Products */ = {
			isa = PBXGroup;
			children = (
				3975C535227D91C100A606AA /* PresentationTransitions.app */,
			);
			name = Products;
			sourceTree = "<group>";
		};
		3975C537227D91C100A606AA /* PresentationTransitions */ = {
			isa = PBXGroup;
			children = (
				3975C538227D91C100A606AA /* AppDelegate.swift */,
				39DF8353227F10DA003E6A28 /* Model */,
				39DF8352227F10CB003E6A28 /* Controllers */,
				39DF8354227F10E0003E6A28 /* Animator */,
				3975C53C227D91C100A606AA /* Main.storyboard */,
				3975C53F227D91C400A606AA /* Assets.xcassets */,
				3975C541227D91C400A606AA /* LaunchScreen.storyboard */,
				3975C544227D91C400A606AA /* Info.plist */,
			);
			path = PresentationTransitions;
			sourceTree = "<group>";
		};
		39DF8352227F10CB003E6A28 /* Controllers */ = {
			isa = PBXGroup;
			children = (
				3975C53A227D91C100A606AA /* ViewController.swift */,
				3975C54C227D9AC800A606AA /* HerbDetailsViewController.swift */,
			);
			path = Controllers;
			sourceTree = "<group>";
		};
		39DF8353227F10DA003E6A28 /* Model */ = {
			isa = PBXGroup;
			children = (
				3975C54A227D97A900A606AA /* HerbModel.swift */,
			);
			path = Model;
			sourceTree = "<group>";
		};
		39DF8354227F10E0003E6A28 /* Animator */ = {
			isa = PBXGroup;
			children = (
				39DF8350227EFEE3003E6A28 /* PopAnimator.swift */,
			);
			path = Animator;
			sourceTree = "<group>";
		};
/* End PBXGroup section */

/* Begin PBXNativeTarget section */
		3975C534227D91C100A606AA /* PresentationTransitions */ = {
			isa = PBXNativeTarget;
			buildConfigurationList = 3975C547227D91C400A606AA /* Build configuration list for PBXNativeTarget "PresentationTransitions" */;
			buildPhases = (
				3975C531227D91C100A606AA /* Sources */,
				3975C532227D91C100A606AA /* Frameworks */,
				3975C533227D91C100A606AA /* Resources */,
			);
			buildRules = (
			);
			dependencies = (
			);
			name = PresentationTransitions;
			productName = PresentationTransitions;
			productReference = 3975C535227D91C100A606AA /* PresentationTransitions.app */;
			productType = "com.apple.product-type.application";
		};
/* End PBXNativeTarget section */

/* Begin PBXProject section */
		3975C52D227D91C100A606AA /* Project object */ = {
			isa = PBXProject;
			attributes = {
				LastSwiftUpdateCheck = 1020;
				LastUpgradeCheck = 1020;
				ORGANIZATIONNAME = "Timur Saidov";
				TargetAttributes = {
					3975C534227D91C100A606AA = {
						CreatedOnToolsVersion = 10.2.1;
					};
				};
			};
			buildConfigurationList = 3975C530227D91C100A606AA /* Build configuration list for PBXProject "PresentationTransitions" */;
			compatibilityVersion = "Xcode 9.3";
			developmentRegion = en;
			hasScannedForEncodings = 0;
			knownRegions = (
				en,
				Base,
			);
			mainGroup = 3975C52C227D91C000A606AA;
			productRefGroup = 3975C536227D91C100A606AA /* Products */;
			projectDirPath = "";
			projectRoot = "";
			targets = (
				3975C534227D91C100A606AA /* PresentationTransitions */,
			);
		};
/* End PBXProject section */

/* Begin PBXResourcesBuildPhase section */
		3975C533227D91C100A606AA /* Resources */ = {
			isa = PBXResourcesBuildPhase;
			buildActionMask = 2147483647;
			files = (
				3975C543227D91C400A606AA /* LaunchScreen.storyboard in Resources */,
				3975C540227D91C400A606AA /* Assets.xcassets in Resources */,
				3975C53E227D91C100A606AA /* Main.storyboard in Resources */,
			);
			runOnlyForDeploymentPostprocessing = 0;
		};
/* End PBXResourcesBuildPhase section */

/* Begin PBXSourcesBuildPhase section */
		3975C531227D91C100A606AA /* Sources */ = {
			isa = PBXSourcesBuildPhase;
			buildActionMask = 2147483647;
			files = (
				3975C54D227D9AC800A606AA /* HerbDetailsViewController.swift in Sources */,
				3975C53B227D91C100A606AA /* ViewController.swift in Sources */,
				3975C54B227D97A900A606AA /* HerbModel.swift in Sources */,
				3975C539227D91C100A606AA /* AppDelegate.swift in Sources */,
				39DF8351227EFEE3003E6A28 /* PopAnimator.swift in Sources */,
			);
			runOnlyForDeploymentPostprocessing = 0;
		};
/* End PBXSourcesBuildPhase section */

/* Begin PBXVariantGroup section */
		3975C53C227D91C100A606AA /* Main.storyboard */ = {
			isa = PBXVariantGroup;
			children = (
				3975C53D227D91C100A606AA /* Base */,
			);
			name = Main.storyboard;
			sourceTree = "<group>";
		};
		3975C541227D91C400A606AA /* LaunchScreen.storyboard */ = {
			isa = PBXVariantGroup;
			children = (
				3975C542227D91C400A606AA /* Base */,
			);
			name = LaunchScreen.storyboard;
			sourceTree = "<group>";
		};
/* End PBXVariantGroup section */

/* Begin XCBuildConfiguration section */
		3975C545227D91C400A606AA /* Debug */ = {
			isa = XCBuildConfiguration;
			buildSettings = {
				ALWAYS_SEARCH_USER_PATHS = NO;
				CLANG_ANALYZER_NONNULL = YES;
				CLANG_ANALYZER_NUMBER_OBJECT_CONVERSION = YES_AGGRESSIVE;
				CLANG_CXX_LANGUAGE_STANDARD = "gnu++14";
				CLANG_CXX_LIBRARY = "libc++";
				CLANG_ENABLE_MODULES = YES;
				CLANG_ENABLE_OBJC_ARC = YES;
				CLANG_ENABLE_OBJC_WEAK = YES;
				CLANG_WARN_BLOCK_CAPTURE_AUTORELEASING = YES;
				CLANG_WARN_BOOL_CONVERSION = YES;
				CLANG_WARN_COMMA = YES;
				CLANG_WARN_CONSTANT_CONVERSION = YES;
				CLANG_WARN_DEPRECATED_OBJC_IMPLEMENTATIONS = YES;
				CLANG_WARN_DIRECT_OBJC_ISA_USAGE = YES_ERROR;
				CLANG_WARN_DOCUMENTATION_COMMENTS = YES;
				CLANG_WARN_EMPTY_BODY = YES;
				CLANG_WARN_ENUM_CONVERSION = YES;
				CLANG_WARN_INFINITE_RECURSION = YES;
				CLANG_WARN_INT_CONVERSION = YES;
				CLANG_WARN_NON_LITERAL_NULL_CONVERSION = YES;
				CLANG_WARN_OBJC_IMPLICIT_RETAIN_SELF = YES;
				CLANG_WARN_OBJC_LITERAL_CONVERSION = YES;
				CLANG_WARN_OBJC_ROOT_CLASS = YES_ERROR;
				CLANG_WARN_RANGE_LOOP_ANALYSIS = YES;
				CLANG_WARN_STRICT_PROTOTYPES = YES;
				CLANG_WARN_SUSPICIOUS_MOVE = YES;
				CLANG_WARN_UNGUARDED_AVAILABILITY = YES_AGGRESSIVE;
				CLANG_WARN_UNREACHABLE_CODE = YES;
				CLANG_WARN__DUPLICATE_METHOD_MATCH = YES;
				CODE_SIGN_IDENTITY = "iPhone Developer";
				COPY_PHASE_STRIP = NO;
				DEBUG_INFORMATION_FORMAT = dwarf;
				ENABLE_STRICT_OBJC_MSGSEND = YES;
				ENABLE_TESTABILITY = YES;
				GCC_C_LANGUAGE_STANDARD = gnu11;
				GCC_DYNAMIC_NO_PIC = NO;
				GCC_NO_COMMON_BLOCKS = YES;
				GCC_OPTIMIZATION_LEVEL = 0;
				GCC_PREPROCESSOR_DEFINITIONS = (
					"DEBUG=1",
					"$(inherited)",
				);
				GCC_WARN_64_TO_32_BIT_CONVERSION = YES;
				GCC_WARN_ABOUT_RETURN_TYPE = YES_ERROR;
				GCC_WARN_UNDECLARED_SELECTOR = YES;
				GCC_WARN_UNINITIALIZED_AUTOS = YES_AGGRESSIVE;
				GCC_WARN_UNUSED_FUNCTION = YES;
				GCC_WARN_UNUSED_VARIABLE = YES;
				IPHONEOS_DEPLOYMENT_TARGET = 12.2;
				MTL_ENABLE_DEBUG_INFO = INCLUDE_SOURCE;
				MTL_FAST_MATH = YES;
				ONLY_ACTIVE_ARCH = YES;
				SDKROOT = iphoneos;
				SWIFT_ACTIVE_COMPILATION_CONDITIONS = DEBUG;
				SWIFT_OPTIMIZATION_LEVEL = "-Onone";
			};
			name = Debug;
		};
		3975C546227D91C400A606AA /* Release */ = {
			isa = XCBuildConfiguration;
			buildSettings = {
				ALWAYS_SEARCH_USER_PATHS = NO;
				CLANG_ANALYZER_NONNULL = YES;
				CLANG_ANALYZER_NUMBER_OBJECT_CONVERSION = YES_AGGRESSIVE;
				CLANG_CXX_LANGUAGE_STANDARD = "gnu++14";
				CLANG_CXX_LIBRARY = "libc++";
				CLANG_ENABLE_MODULES = YES;
				CLANG_ENABLE_OBJC_ARC = YES;
				CLANG_ENABLE_OBJC_WEAK = YES;
				CLANG_WARN_BLOCK_CAPTURE_AUTORELEASING = YES;
				CLANG_WARN_BOOL_CONVERSION = YES;
				CLANG_WARN_COMMA = YES;
				CLANG_WARN_CONSTANT_CONVERSION = YES;
				CLANG_WARN_DEPRECATED_OBJC_IMPLEMENTATIONS = YES;
				CLANG_WARN_DIRECT_OBJC_ISA_USAGE = YES_ERROR;
				CLANG_WARN_DOCUMENTATION_COMMENTS = YES;
				CLANG_WARN_EMPTY_BODY = YES;
				CLANG_WARN_ENUM_CONVERSION = YES;
				CLANG_WARN_INFINITE_RECURSION = YES;
				CLANG_WARN_INT_CONVERSION = YES;
				CLANG_WARN_NON_LITERAL_NULL_CONVERSION = YES;
				CLANG_WARN_OBJC_IMPLICIT_RETAIN_SELF = YES;
				CLANG_WARN_OBJC_LITERAL_CONVERSION = YES;
				CLANG_WARN_OBJC_ROOT_CLASS = YES_ERROR;
				CLANG_WARN_RANGE_LOOP_ANALYSIS = YES;
				CLANG_WARN_STRICT_PROTOTYPES = YES;
				CLANG_WARN_SUSPICIOUS_MOVE = YES;
				CLANG_WARN_UNGUARDED_AVAILABILITY = YES_AGGRESSIVE;
				CLANG_WARN_UNREACHABLE_CODE = YES;
				CLANG_WARN__DUPLICATE_METHOD_MATCH = YES;
				CODE_SIGN_IDENTITY = "iPhone Developer";
				COPY_PHASE_STRIP = NO;
				DEBUG_INFORMATION_FORMAT = "dwarf-with-dsym";
				ENABLE_NS_ASSERTIONS = NO;
				ENABLE_STRICT_OBJC_MSGSEND = YES;
				GCC_C_LANGUAGE_STANDARD = gnu11;
				GCC_NO_COMMON_BLOCKS = YES;
				GCC_WARN_64_TO_32_BIT_CONVERSION = YES;
				GCC_WARN_ABOUT_RETURN_TYPE = YES_ERROR;
				GCC_WARN_UNDECLARED_SELECTOR = YES;
				GCC_WARN_UNINITIALIZED_AUTOS = YES_AGGRESSIVE;
				GCC_WARN_UNUSED_FUNCTION = YES;
				GCC_WARN_UNUSED_VARIABLE = YES;
				IPHONEOS_DEPLOYMENT_TARGET = 12.2;
				MTL_ENABLE_DEBUG_INFO = NO;
				MTL_FAST_MATH = YES;
				SDKROOT = iphoneos;
				SWIFT_COMPILATION_MODE = wholemodule;
				SWIFT_OPTIMIZATION_LEVEL = "-O";
				VALIDATE_PRODUCT = YES;
			};
			name = Release;
		};
		3975C548227D91C400A606AA /* Debug */ = {
			isa = XCBuildConfiguration;
			buildSettings = {
				ASSETCATALOG_COMPILER_APPICON_NAME = AppIcon;
				CODE_SIGN_STYLE = Automatic;
				DEVELOPMENT_TEAM = 3W84AJ77MA;
				INFOPLIST_FILE = PresentationTransitions/Info.plist;
				LD_RUNPATH_SEARCH_PATHS = (
					"$(inherited)",
					"@executable_path/Frameworks",
				);
				PRODUCT_BUNDLE_IDENTIFIER = Timur.PresentationTransitions;
				PRODUCT_NAME = "$(TARGET_NAME)";
				SWIFT_VERSION = 5.0;
				TARGETED_DEVICE_FAMILY = "1,2";
			};
			name = Debug;
		};
		3975C549227D91C400A606AA /* Release */ = {
			isa = XCBuildConfiguration;
			buildSettings = {
				ASSETCATALOG_COMPILER_APPICON_NAME = AppIcon;
				CODE_SIGN_STYLE = Automatic;
				DEVELOPMENT_TEAM = 3W84AJ77MA;
				INFOPLIST_FILE = PresentationTransitions/Info.plist;
				LD_RUNPATH_SEARCH_PATHS = (
					"$(inherited)",
					"@executable_path/Frameworks",
				);
				PRODUCT_BUNDLE_IDENTIFIER = Timur.PresentationTransitions;
				PRODUCT_NAME = "$(TARGET_NAME)";
				SWIFT_VERSION = 5.0;
				TARGETED_DEVICE_FAMILY = "1,2";
			};
			name = Release;
		};
/* End XCBuildConfiguration section */

/* Begin XCConfigurationList section */
		3975C530227D91C100A606AA /* Build configuration list for PBXProject "PresentationTransitions" */ = {
			isa = XCConfigurationList;
			buildConfigurations = (
				3975C545227D91C400A606AA /* Debug */,
				3975C546227D91C400A606AA /* Release */,
			);
			defaultConfigurationIsVisible = 0;
			defaultConfigurationName = Release;
		};
		3975C547227D91C400A606AA /* Build configuration list for PBXNativeTarget "PresentationTransitions" */ = {
			isa = XCConfigurationList;
			buildConfigurations = (
				3975C548227D91C400A606AA /* Debug */,
				3975C549227D91C400A606AA /* Release */,
			);
			defaultConfigurationIsVisible = 0;
			defaultConfigurationName = Release;
		};
/* End XCConfigurationList section */
	};
	rootObject = 3975C52D227D91C100A606AA /* Project object */;
}
